{
  "lockfileVersion": 1,
  "configVersion": 1,
  "workspaces": {
    "": {
      "name": "pi-onepassword-environment",
      "dependencies": {
        "@1password/sdk": "0.5.0",
      },
      "peerDependencies": {
        "@earendil-works/pi-coding-agent": "*",
      },
      "optionalPeers": [
        "@earendil-works/pi-coding-agent",
      ],
    },
  },
  "packages": {
    "@1password/sdk": ["@1password/sdk@0.5.0", "", { "dependencies": { "@1password/sdk-core": "0.5.0" } }, "sha512-k6kov3pcA7PRg2tev9CgTfEf/3JSyAp11BPQNCEsqAD32QbqM032OXC1rfjyC8Ba0sfH+NHYZxcifUZToyGyYA=="],

    "@1password/sdk-core": ["@1password/sdk-core@0.5.0", "", {}, "sha512-9g7LWOKRKdePZ85evVgE9xEom3DAg3hRIyQdOwLPvpL/F7KpDXmUHMi72rsqJxKaDbWApXmrYjDExMSPqUg7xw=="],
  }
}
